
Microsoft Visual Studio Solution File, Format Version 12.00
# Visual Studio Version 17
VisualStudioVersion = 17.4.33213.308
MinimumVisualStudioVersion = 10.0.40219.1
Project("{9A19103F-16F7-4668-BE54-9A1E7A4F7556}") = "webassembly", "webassembly.csproj", "{27394C19-A645-4CA9-B482-1771C3EF4BC7}"
EndProject
Project("{9A19103F-16F7-4668-BE54-9A1E7A4F7556}") = "Shared.DTO", "..\Shared.DTO\Shared.DTO.csproj", "{C4F063D4-8DE9-41C3-9E1C-195B00B0A89C}"
EndProject
Project("{2150E333-8FDC-42A3-9474-1A3956D46DE8}") = "Shared", "Shared", "{3DE23130-988D-4A69-B232-4E42CBF115BC}"
EndProject
Project("{2150E333-8FDC-42A3-9474-1A3956D46DE8}") = "FrontEnd", "FrontEnd", "{34604770-E575-4D75-89FC-C86AD85E9AA3}"
EndProject
Project("{2150E333-8FDC-42A3-9474-1A3956D46DE8}") = "BackEnd", "BackEnd", "{BB066E7C-E455-435F-818D-898AD934C678}"
EndProject
Global
	GlobalSection(SolutionConfigurationPlatforms) = preSolution
		Debug|Any CPU = Debug|Any CPU
		Release|Any CPU = Release|Any CPU
	EndGlobalSection
	GlobalSection(ProjectConfigurationPlatforms) = postSolution
		{27394C19-A645-4CA9-B482-1771C3EF4BC7}.Debug|Any CPU.ActiveCfg = Debug|Any CPU
		{27394C19-A645-4CA9-B482-1771C3EF4BC7}.Debug|Any CPU.Build.0 = Debug|Any CPU
		{27394C19-A645-4CA9-B482-1771C3EF4BC7}.Release|Any CPU.ActiveCfg = Release|Any CPU
		{27394C19-A645-4CA9-B482-1771C3EF4BC7}.Release|Any CPU.Build.0 = Release|Any CPU
		{C4F063D4-8DE9-41C3-9E1C-195B00B0A89C}.Debug|Any CPU.ActiveCfg = Debug|Any CPU
		{C4F063D4-8DE9-41C3-9E1C-195B00B0A89C}.Debug|Any CPU.Build.0 = Debug|Any CPU
		{C4F063D4-8DE9-41C3-9E1C-195B00B0A89C}.Release|Any CPU.ActiveCfg = Release|Any CPU
		{C4F063D4-8DE9-41C3-9E1C-195B00B0A89C}.Release|Any CPU.Build.0 = Release|Any CPU
	EndGlobalSection
	GlobalSection(SolutionProperties) = preSolution
		HideSolutionNode = FALSE
	EndGlobalSection
	GlobalSection(NestedProjects) = preSolution
		{27394C19-A645-4CA9-B482-1771C3EF4BC7} = {34604770-E575-4D75-89FC-C86AD85E9AA3}
		{C4F063D4-8DE9-41C3-9E1C-195B00B0A89C} = {3DE23130-988D-4A69-B232-4E42CBF115BC}
	EndGlobalSection
	GlobalSection(ExtensibilityGlobals) = postSolution
		SolutionGuid = {38F57793-AFC1-4DCD-B0AB-B9CB23BAE33F}
	EndGlobalSection
EndGlobal
